
Microsoft Visual Studio Solution File, Format Version 12.00
# Visual Studio Version 17
VisualStudioVersion = 17.7.34031.279
MinimumVisualStudioVersion = 10.0.40219.1
Project("{2150E333-8FDC-42A3-9474-1A3956D46DE8}") = "Common", "Common", "{D62C6AE2-542F-4B37-AB15-0FDD903CF82C}"
EndProject
Project("{2150E333-8FDC-42A3-9474-1A3956D46DE8}") = "APIs", "APIs", "{F09C3A3E-279B-41D3-8D3D-4A08A64ADDA8}"
EndProject
Project("{2150E333-8FDC-42A3-9474-1A3956D46DE8}") = "Web", "Web", "{E8F777CB-0E2A-4D3C-A4C0-917B0A8D0E17}"
EndProject
Project("{FAE04EC0-301F-11D3-BF4B-00C04F79EFBC}") = "Business.Common", "Common\Business.Common\Business.Common.csproj", "{2C6C588A-BBA7-4E86-8480-B4510C543B30}"
EndProject
Project("{FAE04EC0-301F-11D3-BF4B-00C04F79EFBC}") = "User.API", "APIs\User.API\User.API.csproj", "{6E885F48-0E54-412D-A138-3882F46641EF}"
EndProject
Project("{FAE04EC0-301F-11D3-BF4B-00C04F79EFBC}") = "Guitars.API", "APIs\Guitars.API\Guitars.API.csproj", "{2EDA77A5-9962-4D34-8BA4-9AA811C3C324}"
EndProject
Project("{FAE04EC0-301F-11D3-BF4B-00C04F79EFBC}") = "DataModels", "Common\DataModels\DataModels.csproj", "{8BF48712-C430-4D3A-9589-A798335D07E6}"
EndProject
Project("{FAE04EC0-301F-11D3-BF4B-00C04F79EFBC}") = "Guitar.Angular.Web", "Web\Guitar.Angular.Web\Guitar.Angular.Web.csproj", "{7B28BFBC-38AB-475E-9D96-9E9484F39631}"
EndProject
Global
	GlobalSection(SolutionConfigurationPlatforms) = preSolution
		Debug|Any CPU = Debug|Any CPU
		Release|Any CPU = Release|Any CPU
	EndGlobalSection
	GlobalSection(ProjectConfigurationPlatforms) = postSolution
		{2C6C588A-BBA7-4E86-8480-B4510C543B30}.Debug|Any CPU.ActiveCfg = Debug|Any CPU
		{2C6C588A-BBA7-4E86-8480-B4510C543B30}.Debug|Any CPU.Build.0 = Debug|Any CPU
		{2C6C588A-BBA7-4E86-8480-B4510C543B30}.Release|Any CPU.ActiveCfg = Release|Any CPU
		{2C6C588A-BBA7-4E86-8480-B4510C543B30}.Release|Any CPU.Build.0 = Release|Any CPU
		{6E885F48-0E54-412D-A138-3882F46641EF}.Debug|Any CPU.ActiveCfg = Debug|Any CPU
		{6E885F48-0E54-412D-A138-3882F46641EF}.Debug|Any CPU.Build.0 = Debug|Any CPU
		{6E885F48-0E54-412D-A138-3882F46641EF}.Release|Any CPU.ActiveCfg = Release|Any CPU
		{6E885F48-0E54-412D-A138-3882F46641EF}.Release|Any CPU.Build.0 = Release|Any CPU
		{2EDA77A5-9962-4D34-8BA4-9AA811C3C324}.Debug|Any CPU.ActiveCfg = Debug|Any CPU
		{2EDA77A5-9962-4D34-8BA4-9AA811C3C324}.Debug|Any CPU.Build.0 = Debug|Any CPU
		{2EDA77A5-9962-4D34-8BA4-9AA811C3C324}.Release|Any CPU.ActiveCfg = Release|Any CPU
		{2EDA77A5-9962-4D34-8BA4-9AA811C3C324}.Release|Any CPU.Build.0 = Release|Any CPU
		{8BF48712-C430-4D3A-9589-A798335D07E6}.Debug|Any CPU.ActiveCfg = Debug|Any CPU
		{8BF48712-C430-4D3A-9589-A798335D07E6}.Debug|Any CPU.Build.0 = Debug|Any CPU
		{8BF48712-C430-4D3A-9589-A798335D07E6}.Release|Any CPU.ActiveCfg = Release|Any CPU
		{8BF48712-C430-4D3A-9589-A798335D07E6}.Release|Any CPU.Build.0 = Release|Any CPU
		{7B28BFBC-38AB-475E-9D96-9E9484F39631}.Debug|Any CPU.ActiveCfg = Debug|Any CPU
		{7B28BFBC-38AB-475E-9D96-9E9484F39631}.Debug|Any CPU.Build.0 = Debug|Any CPU
		{7B28BFBC-38AB-475E-9D96-9E9484F39631}.Release|Any CPU.ActiveCfg = Release|Any CPU
		{7B28BFBC-38AB-475E-9D96-9E9484F39631}.Release|Any CPU.Build.0 = Release|Any CPU
	EndGlobalSection
	GlobalSection(SolutionProperties) = preSolution
		HideSolutionNode = FALSE
	EndGlobalSection
	GlobalSection(NestedProjects) = preSolution
		{2C6C588A-BBA7-4E86-8480-B4510C543B30} = {D62C6AE2-542F-4B37-AB15-0FDD903CF82C}
		{6E885F48-0E54-412D-A138-3882F46641EF} = {F09C3A3E-279B-41D3-8D3D-4A08A64ADDA8}
		{2EDA77A5-9962-4D34-8BA4-9AA811C3C324} = {F09C3A3E-279B-41D3-8D3D-4A08A64ADDA8}
		{8BF48712-C430-4D3A-9589-A798335D07E6} = {D62C6AE2-542F-4B37-AB15-0FDD903CF82C}
		{7B28BFBC-38AB-475E-9D96-9E9484F39631} = {E8F777CB-0E2A-4D3C-A4C0-917B0A8D0E17}
	EndGlobalSection
	GlobalSection(ExtensibilityGlobals) = postSolution
		SolutionGuid = {8CAEBD83-5309-4631-9715-528E9A9DAD0C}
	EndGlobalSection
EndGlobal
